
Microsoft Visual Studio Solution File, Format Version 12.00
# Visual Studio Version 16
VisualStudioVersion = 16.0.31911.196
MinimumVisualStudioVersion = 10.0.40219.1
Project("{FAE04EC0-301F-11D3-BF4B-00C04F79EFBC}") = "Number Guessing Game1", "Number Guessing Game1\Number Guessing Game1.csproj", "{35BBCEAD-41DB-4887-88EC-0DD105DB0B7B}"
EndProject
Global
	GlobalSection(SolutionConfigurationPlatforms) = preSolution
		Debug|Any CPU = Debug|Any CPU
		Release|Any CPU = Release|Any CPU
	EndGlobalSection
	GlobalSection(ProjectConfigurationPlatforms) = postSolution
		{35BBCEAD-41DB-4887-88EC-0DD105DB0B7B}.Debug|Any CPU.ActiveCfg = Debug|Any CPU
		{35BBCEAD-41DB-4887-88EC-0DD105DB0B7B}.Debug|Any CPU.Build.0 = Debug|Any CPU
		{35BBCEAD-41DB-4887-88EC-0DD105DB0B7B}.Release|Any CPU.ActiveCfg = Release|Any CPU
		{35BBCEAD-41DB-4887-88EC-0DD105DB0B7B}.Release|Any CPU.Build.0 = Release|Any CPU
	EndGlobalSection
	GlobalSection(SolutionProperties) = preSolution
		HideSolutionNode = FALSE
	EndGlobalSection
	GlobalSection(ExtensibilityGlobals) = postSolution
		SolutionGuid = {55A46986-342A-448C-BDB1-FE7D4E7383BF}
	EndGlobalSection
EndGlobal
